
Microsoft Visual Studio Solution File, Format Version 12.00
# Visual Studio Version 17
VisualStudioVersion = 17.11.35303.130
MinimumVisualStudioVersion = 10.0.40219.1
Project("{2150E333-8FDC-42A3-9474-1A3956D46DE8}") = "Task0", "Task0", "{BD3722C2-1548-46EE-9119-5020F1BF95B3}"
EndProject
Project("{9A19103F-16F7-4668-BE54-9A1E7A4F7556}") = "Tyuiu.KozachokNA.Sprint0.Task0.V0", "Tyuiu.KozachokNA.Sprint0.Task0.V0\Tyuiu.KozachokNA.Sprint0.Task0.V0.csproj", "{EB60194B-6B42-4987-9163-E12828661A93}"
EndProject
Project("{2150E333-8FDC-42A3-9474-1A3956D46DE8}") = "Task1", "Task1", "{1D5C7793-EE3D-41F6-9DE5-526DE8B8589F}"
EndProject
Project("{9A19103F-16F7-4668-BE54-9A1E7A4F7556}") = "Tyuiu.KozachokNA.Sprint0.Task1.V0", "Tyuiu.KozachokNA.Sprint0.Task1.V0\Tyuiu.KozachokNA.Sprint0.Task1.V0.csproj", "{AA0EDDE3-3524-4647-8C54-A9C3B3FA9A5E}"
EndProject
Project("{2150E333-8FDC-42A3-9474-1A3956D46DE8}") = "Task2", "Task2", "{7435AB08-3F5B-440F-8AD6-EA4D91D0F51A}"
EndProject
Project("{2150E333-8FDC-42A3-9474-1A3956D46DE8}") = "Task3", "Task3", "{75E95B3E-DBD8-454B-85D4-C94FFD1B727D}"
EndProject
Project("{2150E333-8FDC-42A3-9474-1A3956D46DE8}") = "Task4", "Task4", "{4787D7C8-FC59-4FF1-9899-7F88539C9349}"
EndProject
Project("{2150E333-8FDC-42A3-9474-1A3956D46DE8}") = "Task5", "Task5", "{EE0ABA08-1AA8-4771-B624-B87BC52A4F29}"
EndProject
Project("{2150E333-8FDC-42A3-9474-1A3956D46DE8}") = "Task6", "Task6", "{0B4A23D2-0894-47D7-A4A3-8F3C3939B885}"
EndProject
Project("{2150E333-8FDC-42A3-9474-1A3956D46DE8}") = "Task7", "Task7", "{B36039D4-5641-4146-A8EC-90C419194765}"
EndProject
Project("{9A19103F-16F7-4668-BE54-9A1E7A4F7556}") = "Tyuiu.KozachokNA.Sprint0.Task2.V0", "Tyuiu.KozachokNA.Sprint0.Task2.V0\Tyuiu.KozachokNA.Sprint0.Task2.V0.csproj", "{67E36836-F1FB-4D88-B3C9-2CEAB2C5DA19}"
EndProject
Project("{9A19103F-16F7-4668-BE54-9A1E7A4F7556}") = "Tyuiu.KozachokNA.Sprint0.Task2.V0.Lib", "Tyuiu.KozachokNA.Sprint0.Task2.V0.Lib\Tyuiu.KozachokNA.Sprint0.Task2.V0.Lib.csproj", "{705AE70B-A14B-427D-8C2A-AAC33341117E}"
EndProject
Project("{9A19103F-16F7-4668-BE54-9A1E7A4F7556}") = "Tyuiu.KozachokNA.Sprint0.Task2.V0.Test", "Tyuiu.KozachokNA.Sprint0.Task2.V0.Test\Tyuiu.KozachokNA.Sprint0.Task2.V0.Test.csproj", "{618559E2-230C-4593-9CD3-61144FDA4139}"
EndProject
Project("{FAE04EC0-301F-11D3-BF4B-00C04F79EFBC}") = "Tyuiu.KozachokNA.Sprint0.Task3.V0", "Tyuiu.KozachokNA.Sprint0.Task3.V0\Tyuiu.KozachokNA.Sprint0.Task3.V0.csproj", "{EF9281F2-9C52-4461-B8A1-43558D7B90CD}"
EndProject
Project("{FAE04EC0-301F-11D3-BF4B-00C04F79EFBC}") = "Tyuiu.KozachokNA.Sprint0.Task3.V0.Lib", "Tyuiu.KozachokNA.Sprint0.Task3.V0.Lib\Tyuiu.KozachokNA.Sprint0.Task3.V0.Lib.csproj", "{BD5C48B0-43AA-4BA3-8D15-946F519F2975}"
EndProject
Project("{FAE04EC0-301F-11D3-BF4B-00C04F79EFBC}") = "Tyuiu.KozachokNA.Sprint0.Task3.V0.Test", "Tyuiu.Kozachok.Sprint0.Task3.V0.Test\Tyuiu.KozachokNA.Sprint0.Task3.V0.Test.csproj", "{D26D57F5-4D76-4356-A6CE-8838D8971487}"
EndProject
Global
	GlobalSection(SolutionConfigurationPlatforms) = preSolution
		Debug|Any CPU = Debug|Any CPU
		Release|Any CPU = Release|Any CPU
	EndGlobalSection
	GlobalSection(ProjectConfigurationPlatforms) = postSolution
		{EB60194B-6B42-4987-9163-E12828661A93}.Debug|Any CPU.ActiveCfg = Debug|Any CPU
		{EB60194B-6B42-4987-9163-E12828661A93}.Debug|Any CPU.Build.0 = Debug|Any CPU
		{EB60194B-6B42-4987-9163-E12828661A93}.Release|Any CPU.ActiveCfg = Release|Any CPU
		{EB60194B-6B42-4987-9163-E12828661A93}.Release|Any CPU.Build.0 = Release|Any CPU
		{AA0EDDE3-3524-4647-8C54-A9C3B3FA9A5E}.Debug|Any CPU.ActiveCfg = Debug|Any CPU
		{AA0EDDE3-3524-4647-8C54-A9C3B3FA9A5E}.Debug|Any CPU.Build.0 = Debug|Any CPU
		{AA0EDDE3-3524-4647-8C54-A9C3B3FA9A5E}.Release|Any CPU.ActiveCfg = Release|Any CPU
		{AA0EDDE3-3524-4647-8C54-A9C3B3FA9A5E}.Release|Any CPU.Build.0 = Release|Any CPU
		{67E36836-F1FB-4D88-B3C9-2CEAB2C5DA19}.Debug|Any CPU.ActiveCfg = Debug|Any CPU
		{67E36836-F1FB-4D88-B3C9-2CEAB2C5DA19}.Debug|Any CPU.Build.0 = Debug|Any CPU
		{67E36836-F1FB-4D88-B3C9-2CEAB2C5DA19}.Release|Any CPU.ActiveCfg = Release|Any CPU
		{67E36836-F1FB-4D88-B3C9-2CEAB2C5DA19}.Release|Any CPU.Build.0 = Release|Any CPU
		{705AE70B-A14B-427D-8C2A-AAC33341117E}.Debug|Any CPU.ActiveCfg = Debug|Any CPU
		{705AE70B-A14B-427D-8C2A-AAC33341117E}.Debug|Any CPU.Build.0 = Debug|Any CPU
		{705AE70B-A14B-427D-8C2A-AAC33341117E}.Release|Any CPU.ActiveCfg = Release|Any CPU
		{705AE70B-A14B-427D-8C2A-AAC33341117E}.Release|Any CPU.Build.0 = Release|Any CPU
		{618559E2-230C-4593-9CD3-61144FDA4139}.Debug|Any CPU.ActiveCfg = Debug|Any CPU
		{618559E2-230C-4593-9CD3-61144FDA4139}.Debug|Any CPU.Build.0 = Debug|Any CPU
		{618559E2-230C-4593-9CD3-61144FDA4139}.Release|Any CPU.ActiveCfg = Release|Any CPU
		{618559E2-230C-4593-9CD3-61144FDA4139}.Release|Any CPU.Build.0 = Release|Any CPU
		{EF9281F2-9C52-4461-B8A1-43558D7B90CD}.Debug|Any CPU.ActiveCfg = Debug|Any CPU
		{EF9281F2-9C52-4461-B8A1-43558D7B90CD}.Debug|Any CPU.Build.0 = Debug|Any CPU
		{EF9281F2-9C52-4461-B8A1-43558D7B90CD}.Release|Any CPU.ActiveCfg = Release|Any CPU
		{EF9281F2-9C52-4461-B8A1-43558D7B90CD}.Release|Any CPU.Build.0 = Release|Any CPU
		{BD5C48B0-43AA-4BA3-8D15-946F519F2975}.Debug|Any CPU.ActiveCfg = Debug|Any CPU
		{BD5C48B0-43AA-4BA3-8D15-946F519F2975}.Debug|Any CPU.Build.0 = Debug|Any CPU
		{BD5C48B0-43AA-4BA3-8D15-946F519F2975}.Release|Any CPU.ActiveCfg = Release|Any CPU
		{BD5C48B0-43AA-4BA3-8D15-946F519F2975}.Release|Any CPU.Build.0 = Release|Any CPU
		{D26D57F5-4D76-4356-A6CE-8838D8971487}.Debug|Any CPU.ActiveCfg = Debug|Any CPU
		{D26D57F5-4D76-4356-A6CE-8838D8971487}.Debug|Any CPU.Build.0 = Debug|Any CPU
		{D26D57F5-4D76-4356-A6CE-8838D8971487}.Release|Any CPU.ActiveCfg = Release|Any CPU
		{D26D57F5-4D76-4356-A6CE-8838D8971487}.Release|Any CPU.Build.0 = Release|Any CPU
	EndGlobalSection
	GlobalSection(SolutionProperties) = preSolution
		HideSolutionNode = FALSE
	EndGlobalSection
	GlobalSection(NestedProjects) = preSolution
		{EB60194B-6B42-4987-9163-E12828661A93} = {BD3722C2-1548-46EE-9119-5020F1BF95B3}
		{AA0EDDE3-3524-4647-8C54-A9C3B3FA9A5E} = {1D5C7793-EE3D-41F6-9DE5-526DE8B8589F}
		{67E36836-F1FB-4D88-B3C9-2CEAB2C5DA19} = {7435AB08-3F5B-440F-8AD6-EA4D91D0F51A}
		{705AE70B-A14B-427D-8C2A-AAC33341117E} = {7435AB08-3F5B-440F-8AD6-EA4D91D0F51A}
		{618559E2-230C-4593-9CD3-61144FDA4139} = {7435AB08-3F5B-440F-8AD6-EA4D91D0F51A}
		{EF9281F2-9C52-4461-B8A1-43558D7B90CD} = {75E95B3E-DBD8-454B-85D4-C94FFD1B727D}
		{BD5C48B0-43AA-4BA3-8D15-946F519F2975} = {75E95B3E-DBD8-454B-85D4-C94FFD1B727D}
		{D26D57F5-4D76-4356-A6CE-8838D8971487} = {75E95B3E-DBD8-454B-85D4-C94FFD1B727D}
	EndGlobalSection
	GlobalSection(ExtensibilityGlobals) = postSolution
		SolutionGuid = {AFD1D818-2B7D-4713-A4E4-F94A3EB32E0E}
	EndGlobalSection
EndGlobal
